
Microsoft Visual Studio Solution File, Format Version 12.00
# Visual Studio Version 16
VisualStudioVersion = 16.0.30413.136
MinimumVisualStudioVersion = 10.0.40219.1
Project("{FAE04EC0-301F-11D3-BF4B-00C04F79EFBC}") = "calculator", "calculator\calculator.csproj", "{C0BE1F7E-05C6-4E56-878A-262552C8A03A}"
EndProject
Global
	GlobalSection(SolutionConfigurationPlatforms) = preSolution
		Debug|Any CPU = Debug|Any CPU
		Release|Any CPU = Release|Any CPU
	EndGlobalSection
	GlobalSection(ProjectConfigurationPlatforms) = postSolution
		{C0BE1F7E-05C6-4E56-878A-262552C8A03A}.Debug|Any CPU.ActiveCfg = Debug|Any CPU
		{C0BE1F7E-05C6-4E56-878A-262552C8A03A}.Debug|Any CPU.Build.0 = Debug|Any CPU
		{C0BE1F7E-05C6-4E56-878A-262552C8A03A}.Release|Any CPU.ActiveCfg = Release|Any CPU
		{C0BE1F7E-05C6-4E56-878A-262552C8A03A}.Release|Any CPU.Build.0 = Release|Any CPU
	EndGlobalSection
	GlobalSection(SolutionProperties) = preSolution
		HideSolutionNode = FALSE
	EndGlobalSection
	GlobalSection(ExtensibilityGlobals) = postSolution
		SolutionGuid = {F13CF954-A8DE-48BC-9B3E-D765A40B3CB4}
	EndGlobalSection
EndGlobal
